<?xml version="1.0" encoding="utf-8"?>
<Project ToolsVersion="4.0" xmlns="http://schemas.microsoft.com/developer/msbuild/2003">
  <ItemGroup>
    <Filter Include="Source Files">
      <UniqueIdentifier>{4FC737F1-C7A5-4376-A066-2A32D752A2FF}</UniqueIdentifier>
      <Extensions>cpp;c;cc;cxx;c++;cppm;ixx;def;odl;idl;hpj;bat;asm;asmx</Extensions>
    </Filter>
    <Filter Include="Header Files">
      <UniqueIdentifier>{93995380-89BD-4b04-88EB-625FBE52EBFB}</UniqueIdentifier>
      <Extensions>h;hh;hpp;hxx;h++;hm;inl;inc;ipp;xsd</Extensions>
    </Filter>
    <Filter Include="Resource Files">
      <UniqueIdentifier>{67DA6AB6-F800-4c08-8B7A-83BB121AAD01}</UniqueIdentifier>
      <Extensions>rc;ico;cur;bmp;dlg;rc2;rct;bin;rgs;gif;jpg;jpeg;jpe;resx;tiff;tif;png;wav;mfcribbon-ms</Extensions>
    </Filter>
    <Filter Include="SignalSource">
      <UniqueIdentifier>{f5267707-2367-4c3d-99cc-c8af49d82ab3}</UniqueIdentifier>
    </Filter>
    <Filter Include="SignalBuffer">
      <UniqueIdentifier>{da73f1a1-35e7-44f9-a8e6-e072209bf329}</UniqueIdentifier>
    </Filter>
    <Filter Include="ProcessRegister">
      <UniqueIdentifier>{07819971-ac3d-4d46-9a8d-afc1b8cdf30f}</UniqueIdentifier>
    </Filter>
    <Filter Include="PhaseProcessing">
      <UniqueIdentifier>{5000f855-ba37-45fd-908e-fe366af752c2}</UniqueIdentifier>
    </Filter>
    <Filter Include="dirent">
      <UniqueIdentifier>{4e2e0c4b-1734-4de9-8717-01b2dc348c2f}</UniqueIdentifier>
    </Filter>
    <Filter Include="Server">
      <UniqueIdentifier>{edfc3466-7782-4c3a-a33e-b8e4762e38df}</UniqueIdentifier>
    </Filter>
  </ItemGroup>
  <ItemGroup>
    <ClCompile Include="Main.cpp">
      <Filter>Source Files</Filter>
    </ClCompile>
    <ClCompile Include="SignalBuffer\SignalBuffer.cpp">
      <Filter>SignalBuffer</Filter>
    </ClCompile>
    <ClCompile Include="SignalSource\SignalSource.cpp">
      <Filter>SignalSource</Filter>
    </ClCompile>
    <ClCompile Include="ProcessRegister\ProcessRegister.cpp">
      <Filter>ProcessRegister</Filter>
    </ClCompile>
    <ClCompile Include="PhaseProcessing\PhaseProc.cpp">
      <Filter>PhaseProcessing</Filter>
    </ClCompile>
    <ClCompile Include="SignalSource\TargetClassParamSettings.cpp">
      <Filter>SignalSource</Filter>
    </ClCompile>
    <ClCompile Include="Server\Server2.cpp">
      <Filter>Server</Filter>
    </ClCompile>
    <ClCompile Include="Server\Server3.cpp">
      <Filter>Server</Filter>
    </ClCompile>
  </ItemGroup>
  <ItemGroup>
    <ClInclude Include="TestScripts.h">
      <Filter>Header Files</Filter>
    </ClInclude>
    <ClInclude Include="SignalBuffer\SignalBuffer.h">
      <Filter>SignalBuffer</Filter>
    </ClInclude>
    <ClInclude Include="SignalSource\SignalSource.h">
      <Filter>SignalSource</Filter>
    </ClInclude>
    <ClInclude Include="ProcessRegister\ProcessRegister.h">
      <Filter>ProcessRegister</Filter>
    </ClInclude>
    <ClInclude Include="PhaseProcessing\PhaseProc.h">
      <Filter>PhaseProcessing</Filter>
    </ClInclude>
    <ClInclude Include="SignalSource\TargetClassParamSettings.h">
      <Filter>SignalSource</Filter>
    </ClInclude>
    <ClInclude Include="dirent\dirent.h">
      <Filter>dirent</Filter>
    </ClInclude>
    <ClInclude Include="Server\Messages.h">
      <Filter>Server</Filter>
    </ClInclude>
    <ClInclude Include="Server\Server2.h">
      <Filter>Server</Filter>
    </ClInclude>
    <ClInclude Include="Server\Server3.h">
      <Filter>Server</Filter>
    </ClInclude>
  </ItemGroup>
</Project>